
Microsoft Visual Studio Solution File, Format Version 12.00
# Visual Studio Version 16
VisualStudioVersion = 16.0.29411.108
MinimumVisualStudioVersion = 10.0.40219.1
Project("{FAE04EC0-301F-11D3-BF4B-00C04F79EFBC}") = "RapidPlanModelValidation", "RapidPlanModelValidation\RapidPlanModelValidation.csproj", "{732E6FEF-4201-47B9-9313-D5CFAFB1BC01}"
EndProject
Global
	GlobalSection(SolutionConfigurationPlatforms) = preSolution
		Debug|Any CPU = Debug|Any CPU
		Debug|x64 = Debug|x64
		Release|Any CPU = Release|Any CPU
		Release|x64 = Release|x64
	EndGlobalSection
	GlobalSection(ProjectConfigurationPlatforms) = postSolution
		{732E6FEF-4201-47B9-9313-D5CFAFB1BC01}.Debug|Any CPU.ActiveCfg = Debug|x64
		{732E6FEF-4201-47B9-9313-D5CFAFB1BC01}.Debug|Any CPU.Build.0 = Debug|x64
		{732E6FEF-4201-47B9-9313-D5CFAFB1BC01}.Debug|x64.ActiveCfg = Debug|x64
		{732E6FEF-4201-47B9-9313-D5CFAFB1BC01}.Debug|x64.Build.0 = Debug|x64
		{732E6FEF-4201-47B9-9313-D5CFAFB1BC01}.Release|Any CPU.ActiveCfg = Release|Any CPU
		{732E6FEF-4201-47B9-9313-D5CFAFB1BC01}.Release|Any CPU.Build.0 = Release|Any CPU
		{732E6FEF-4201-47B9-9313-D5CFAFB1BC01}.Release|x64.ActiveCfg = Release|Any CPU
		{732E6FEF-4201-47B9-9313-D5CFAFB1BC01}.Release|x64.Build.0 = Release|Any CPU
	EndGlobalSection
	GlobalSection(SolutionProperties) = preSolution
		HideSolutionNode = FALSE
	EndGlobalSection
	GlobalSection(ExtensibilityGlobals) = postSolution
		SolutionGuid = {448A4A08-0E19-441F-93F5-680DD17C6794}
	EndGlobalSection
EndGlobal
